
Microsoft Visual Studio Solution File, Format Version 12.00
# Visual Studio Version 17
VisualStudioVersion = 17.5.002.0
MinimumVisualStudioVersion = 10.0.40219.1
Project("{9A19103F-16F7-4668-BE54-9A1E7A4F7556}") = "exchange-rates-website-API", "exchange-rates-website-API.csproj", "{0F9D1BF6-DE78-4E45-AF6E-6815CA64FC4E}"
EndProject
Global
	GlobalSection(SolutionConfigurationPlatforms) = preSolution
		Debug|Any CPU = Debug|Any CPU
		Release|Any CPU = Release|Any CPU
	EndGlobalSection
	GlobalSection(ProjectConfigurationPlatforms) = postSolution
		{0F9D1BF6-DE78-4E45-AF6E-6815CA64FC4E}.Debug|Any CPU.ActiveCfg = Debug|Any CPU
		{0F9D1BF6-DE78-4E45-AF6E-6815CA64FC4E}.Debug|Any CPU.Build.0 = Debug|Any CPU
		{0F9D1BF6-DE78-4E45-AF6E-6815CA64FC4E}.Release|Any CPU.ActiveCfg = Release|Any CPU
		{0F9D1BF6-DE78-4E45-AF6E-6815CA64FC4E}.Release|Any CPU.Build.0 = Release|Any CPU
	EndGlobalSection
	GlobalSection(SolutionProperties) = preSolution
		HideSolutionNode = FALSE
	EndGlobalSection
	GlobalSection(ExtensibilityGlobals) = postSolution
		SolutionGuid = {C87C9428-5860-4E26-9096-402A51549A03}
	EndGlobalSection
EndGlobal
